
Microsoft Visual Studio Solution File, Format Version 12.00
# Visual Studio Version 17
VisualStudioVersion = 17.7.34009.444
MinimumVisualStudioVersion = 10.0.40219.1
Project("{FAE04EC0-301F-11D3-BF4B-00C04F79EFBC}") = "Demo.Website", "Demo.Website\Demo.Website.csproj", "{5C9F9F85-CA90-4817-AFB3-1D0004E4ADDB}"
EndProject
Global
	GlobalSection(SolutionConfigurationPlatforms) = preSolution
		Debug|Any CPU = Debug|Any CPU
		Release|Any CPU = Release|Any CPU
	EndGlobalSection
	GlobalSection(ProjectConfigurationPlatforms) = postSolution
		{5C9F9F85-CA90-4817-AFB3-1D0004E4ADDB}.Debug|Any CPU.ActiveCfg = Debug|Any CPU
		{5C9F9F85-CA90-4817-AFB3-1D0004E4ADDB}.Debug|Any CPU.Build.0 = Debug|Any CPU
		{5C9F9F85-CA90-4817-AFB3-1D0004E4ADDB}.Release|Any CPU.ActiveCfg = Release|Any CPU
		{5C9F9F85-CA90-4817-AFB3-1D0004E4ADDB}.Release|Any CPU.Build.0 = Release|Any CPU
	EndGlobalSection
	GlobalSection(SolutionProperties) = preSolution
		HideSolutionNode = FALSE
	EndGlobalSection
	GlobalSection(ExtensibilityGlobals) = postSolution
		SolutionGuid = {84D5633F-8A2A-4795-A464-0DD1674AD6F9}
	EndGlobalSection
EndGlobal
